// !$*UTF8*$!
{
	archiveVersion = 1;
	classes = {
	};
	objectVersion = 46;
	objects = {

/* Begin PBXBuildFile section */
		D80A183C1E8C628F00256A05 /* AppDelegate.swift in Sources */ = {isa = PBXBuildFile; fileRef = D80A183B1E8C628F00256A05 /* AppDelegate.swift */; };
		D80A18431E8C628F00256A05 /* Main.storyboard in Resources */ = {isa = PBXBuildFile; fileRef = D80A18411E8C628F00256A05 /* Main.storyboard */; };
		D80A18451E8C628F00256A05 /* Assets.xcassets in Resources */ = {isa = PBXBuildFile; fileRef = D80A18441E8C628F00256A05 /* Assets.xcassets */; };
		D80A18481E8C628F00256A05 /* LaunchScreen.storyboard in Resources */ = {isa = PBXBuildFile; fileRef = D80A18461E8C628F00256A05 /* LaunchScreen.storyboard */; };
		D80A18501E8C6F8700256A05 /* DataKit.framework in Frameworks */ = {isa = PBXBuildFile; fileRef = D80A184F1E8C6F8700256A05 /* DataKit.framework */; };
		D80A18511E8C6F8700256A05 /* DataKit.framework in Embed Frameworks */ = {isa = PBXBuildFile; fileRef = D80A184F1E8C6F8700256A05 /* DataKit.framework */; settings = {ATTRIBUTES = (CodeSignOnCopy, RemoveHeadersOnCopy, ); }; };
		D80A18551E8C731700256A05 /* BaseTableViewController.swift in Sources */ = {isa = PBXBuildFile; fileRef = D80A18541E8C731700256A05 /* BaseTableViewController.swift */; };
		D80A18591E8C735900256A05 /* ContactsTableViewController.swift in Sources */ = {isa = PBXBuildFile; fileRef = D80A18581E8C735900256A05 /* ContactsTableViewController.swift */; };
		D80A185B1E8C7A5A00256A05 /* GroupsTableViewController.swift in Sources */ = {isa = PBXBuildFile; fileRef = D80A185A1E8C7A5A00256A05 /* GroupsTableViewController.swift */; };
/* End PBXBuildFile section */

/* Begin PBXCopyFilesBuildPhase section */
		D80A18521E8C6F8700256A05 /* Embed Frameworks */ = {
			isa = PBXCopyFilesBuildPhase;
			buildActionMask = 2147483647;
			dstPath = "";
			dstSubfolderSpec = 10;
			files = (
				D80A18511E8C6F8700256A05 /* DataKit.framework in Embed Frameworks */,
			);
			name = "Embed Frameworks";
			runOnlyForDeploymentPostprocessing = 0;
		};
/* End PBXCopyFilesBuildPhase section */

/* Begin PBXFileReference section */
		D80A18381E8C628F00256A05 /* ContactApp.app */ = {isa = PBXFileReference; explicitFileType = wrapper.application; includeInIndex = 0; path = ContactApp.app; sourceTree = BUILT_PRODUCTS_DIR; };
		D80A183B1E8C628F00256A05 /* AppDelegate.swift */ = {isa = PBXFileReference; lastKnownFileType = sourcecode.swift; path = AppDelegate.swift; sourceTree = "<group>"; };
		D80A18421E8C628F00256A05 /* Base */ = {isa = PBXFileReference; lastKnownFileType = file.storyboard; name = Base; path = Base.lproj/Main.storyboard; sourceTree = "<group>"; };
		D80A18441E8C628F00256A05 /* Assets.xcassets */ = {isa = PBXFileReference; lastKnownFileType = folder.assetcatalog; path = Assets.xcassets; sourceTree = "<group>"; };
		D80A18471E8C628F00256A05 /* Base */ = {isa = PBXFileReference; lastKnownFileType = file.storyboard; name = Base; path = Base.lproj/LaunchScreen.storyboard; sourceTree = "<group>"; };
		D80A18491E8C628F00256A05 /* Info.plist */ = {isa = PBXFileReference; lastKnownFileType = text.plist.xml; path = Info.plist; sourceTree = "<group>"; };
		D80A184F1E8C6F8700256A05 /* DataKit.framework */ = {isa = PBXFileReference; explicitFileType = wrapper.framework; path = DataKit.framework; sourceTree = BUILT_PRODUCTS_DIR; };
		D80A18541E8C731700256A05 /* BaseTableViewController.swift */ = {isa = PBXFileReference; fileEncoding = 4; lastKnownFileType = sourcecode.swift; path = BaseTableViewController.swift; sourceTree = "<group>"; };
		D80A18581E8C735900256A05 /* ContactsTableViewController.swift */ = {isa = PBXFileReference; fileEncoding = 4; lastKnownFileType = sourcecode.swift; path = ContactsTableViewController.swift; sourceTree = "<group>"; };
		D80A185A1E8C7A5A00256A05 /* GroupsTableViewController.swift */ = {isa = PBXFileReference; fileEncoding = 4; lastKnownFileType = sourcecode.swift; path = GroupsTableViewController.swift; sourceTree = "<group>"; };
/* End PBXFileReference section */

/* Begin PBXFrameworksBuildPhase section */
		D80A18351E8C628F00256A05 /* Frameworks */ = {
			isa = PBXFrameworksBuildPhase;
			buildActionMask = 2147483647;
			files = (
				D80A18501E8C6F8700256A05 /* DataKit.framework in Frameworks */,
			);
			runOnlyForDeploymentPostprocessing = 0;
		};
/* End PBXFrameworksBuildPhase section */

/* Begin PBXGroup section */
		D80A182F1E8C628F00256A05 = {
			isa = PBXGroup;
			children = (
				D80A183A1E8C628F00256A05 /* ContactApp */,
				D80A18531E8C6F9D00256A05 /* Frameworks */,
				D80A18391E8C628F00256A05 /* Products */,
			);
			sourceTree = "<group>";
		};
		D80A18391E8C628F00256A05 /* Products */ = {
			isa = PBXGroup;
			children = (
				D80A18381E8C628F00256A05 /* ContactApp.app */,
			);
			name = Products;
			sourceTree = "<group>";
		};
		D80A183A1E8C628F00256A05 /* ContactApp */ = {
			isa = PBXGroup;
			children = (
				D80A183B1E8C628F00256A05 /* AppDelegate.swift */,
				D896DCAC1E8C8E6200F238C2 /* Resourses */,
				D896DCAD1E8C8E7A00F238C2 /* Storyboards */,
				D80A18571E8C732C00256A05 /* ViewControllers */,
			);
			path = ContactApp;
			sourceTree = "<group>";
		};
		D80A18531E8C6F9D00256A05 /* Frameworks */ = {
			isa = PBXGroup;
			children = (
				D80A184F1E8C6F8700256A05 /* DataKit.framework */,
			);
			name = Frameworks;
			sourceTree = "<group>";
		};
		D80A18561E8C731D00256A05 /* BaseControllers */ = {
			isa = PBXGroup;
			children = (
				D80A18541E8C731700256A05 /* BaseTableViewController.swift */,
			);
			name = BaseControllers;
			sourceTree = "<group>";
		};
		D80A18571E8C732C00256A05 /* ViewControllers */ = {
			isa = PBXGroup;
			children = (
				D80A18561E8C731D00256A05 /* BaseControllers */,
				D80A18581E8C735900256A05 /* ContactsTableViewController.swift */,
				D80A185A1E8C7A5A00256A05 /* GroupsTableViewController.swift */,
			);
			name = ViewControllers;
			sourceTree = "<group>";
		};
		D896DCAC1E8C8E6200F238C2 /* Resourses */ = {
			isa = PBXGroup;
			children = (
				D80A18441E8C628F00256A05 /* Assets.xcassets */,
				D80A18491E8C628F00256A05 /* Info.plist */,
			);
			name = Resourses;
			sourceTree = "<group>";
		};
		D896DCAD1E8C8E7A00F238C2 /* Storyboards */ = {
			isa = PBXGroup;
			children = (
				D80A18411E8C628F00256A05 /* Main.storyboard */,
				D80A18461E8C628F00256A05 /* LaunchScreen.storyboard */,
			);
			name = Storyboards;
			sourceTree = "<group>";
		};
/* End PBXGroup section */

/* Begin PBXNativeTarget section */
		D80A18371E8C628F00256A05 /* ContactApp */ = {
			isa = PBXNativeTarget;
			buildConfigurationList = D80A184C1E8C628F00256A05 /* Build configuration list for PBXNativeTarget "ContactApp" */;
			buildPhases = (
				D80A18341E8C628F00256A05 /* Sources */,
				D80A18351E8C628F00256A05 /* Frameworks */,
				D80A18361E8C628F00256A05 /* Resources */,
				D80A18521E8C6F8700256A05 /* Embed Frameworks */,
			);
			buildRules = (
			);
			dependencies = (
			);
			name = ContactApp;
			productName = ContactApp;
			productReference = D80A18381E8C628F00256A05 /* ContactApp.app */;
			productType = "com.apple.product-type.application";
		};
/* End PBXNativeTarget section */

/* Begin PBXProject section */
		D80A18301E8C628F00256A05 /* Project object */ = {
			isa = PBXProject;
			attributes = {
				LastSwiftUpdateCheck = 0820;
				LastUpgradeCheck = 0820;
				ORGANIZATIONNAME = "Jesus Guerra";
				TargetAttributes = {
					D80A18371E8C628F00256A05 = {
						CreatedOnToolsVersion = 8.2.1;
						DevelopmentTeam = 742AQUF628;
						ProvisioningStyle = Automatic;
					};
				};
			};
			buildConfigurationList = D80A18331E8C628F00256A05 /* Build configuration list for PBXProject "ContactApp" */;
			compatibilityVersion = "Xcode 3.2";
			developmentRegion = English;
			hasScannedForEncodings = 0;
			knownRegions = (
				en,
				Base,
			);
			mainGroup = D80A182F1E8C628F00256A05;
			productRefGroup = D80A18391E8C628F00256A05 /* Products */;
			projectDirPath = "";
			projectRoot = "";
			targets = (
				D80A18371E8C628F00256A05 /* ContactApp */,
			);
		};
/* End PBXProject section */

/* Begin PBXResourcesBuildPhase section */
		D80A18361E8C628F00256A05 /* Resources */ = {
			isa = PBXResourcesBuildPhase;
			buildActionMask = 2147483647;
			files = (
				D80A18481E8C628F00256A05 /* LaunchScreen.storyboard in Resources */,
				D80A18451E8C628F00256A05 /* Assets.xcassets in Resources */,
				D80A18431E8C628F00256A05 /* Main.storyboard in Resources */,
			);
			runOnlyForDeploymentPostprocessing = 0;
		};
/* End PBXResourcesBuildPhase section */

/* Begin PBXSourcesBuildPhase section */
		D80A18341E8C628F00256A05 /* Sources */ = {
			isa = PBXSourcesBuildPhase;
			buildActionMask = 2147483647;
			files = (
				D80A185B1E8C7A5A00256A05 /* GroupsTableViewController.swift in Sources */,
				D80A18551E8C731700256A05 /* BaseTableViewController.swift in Sources */,
				D80A183C1E8C628F00256A05 /* AppDelegate.swift in Sources */,
				D80A18591E8C735900256A05 /* ContactsTableViewController.swift in Sources */,
			);
			runOnlyForDeploymentPostprocessing = 0;
		};
/* End PBXSourcesBuildPhase section */

/* Begin PBXVariantGroup section */
		D80A18411E8C628F00256A05 /* Main.storyboard */ = {
			isa = PBXVariantGroup;
			children = (
				D80A18421E8C628F00256A05 /* Base */,
			);
			name = Main.storyboard;
			sourceTree = "<group>";
		};
		D80A18461E8C628F00256A05 /* LaunchScreen.storyboard */ = {
			isa = PBXVariantGroup;
			children = (
				D80A18471E8C628F00256A05 /* Base */,
			);
			name = LaunchScreen.storyboard;
			sourceTree = "<group>";
		};
/* End PBXVariantGroup section */

/* Begin XCBuildConfiguration section */
		D80A184A1E8C628F00256A05 /* Debug */ = {
			isa = XCBuildConfiguration;
			buildSettings = {
				ALWAYS_SEARCH_USER_PATHS = NO;
				CLANG_ANALYZER_NONNULL = YES;
				CLANG_CXX_LANGUAGE_STANDARD = "gnu++0x";
				CLANG_CXX_LIBRARY = "libc++";
				CLANG_ENABLE_MODULES = YES;
				CLANG_ENABLE_OBJC_ARC = YES;
				CLANG_WARN_BOOL_CONVERSION = YES;
				CLANG_WARN_CONSTANT_CONVERSION = YES;
				CLANG_WARN_DIRECT_OBJC_ISA_USAGE = YES_ERROR;
				CLANG_WARN_DOCUMENTATION_COMMENTS = YES;
				CLANG_WARN_EMPTY_BODY = YES;
				CLANG_WARN_ENUM_CONVERSION = YES;
				CLANG_WARN_INFINITE_RECURSION = YES;
				CLANG_WARN_INT_CONVERSION = YES;
				CLANG_WARN_OBJC_ROOT_CLASS = YES_ERROR;
				CLANG_WARN_SUSPICIOUS_MOVE = YES;
				CLANG_WARN_UNREACHABLE_CODE = YES;
				CLANG_WARN__DUPLICATE_METHOD_MATCH = YES;
				"CODE_SIGN_IDENTITY[sdk=iphoneos*]" = "iPhone Developer";
				COPY_PHASE_STRIP = NO;
				DEBUG_INFORMATION_FORMAT = dwarf;
				ENABLE_STRICT_OBJC_MSGSEND = YES;
				ENABLE_TESTABILITY = YES;
				GCC_C_LANGUAGE_STANDARD = gnu99;
				GCC_DYNAMIC_NO_PIC = NO;
				GCC_NO_COMMON_BLOCKS = YES;
				GCC_OPTIMIZATION_LEVEL = 0;
				GCC_PREPROCESSOR_DEFINITIONS = (
					"DEBUG=1",
					"$(inherited)",
				);
				GCC_WARN_64_TO_32_BIT_CONVERSION = YES;
				GCC_WARN_ABOUT_RETURN_TYPE = YES_ERROR;
				GCC_WARN_UNDECLARED_SELECTOR = YES;
				GCC_WARN_UNINITIALIZED_AUTOS = YES_AGGRESSIVE;
				GCC_WARN_UNUSED_FUNCTION = YES;
				GCC_WARN_UNUSED_VARIABLE = YES;
				IPHONEOS_DEPLOYMENT_TARGET = 10.2;
				MTL_ENABLE_DEBUG_INFO = YES;
				ONLY_ACTIVE_ARCH = YES;
				SDKROOT = iphoneos;
				SWIFT_ACTIVE_COMPILATION_CONDITIONS = DEBUG;
				SWIFT_OPTIMIZATION_LEVEL = "-Onone";
			};
			name = Debug;
		};
		D80A184B1E8C628F00256A05 /* Release */ = {
			isa = XCBuildConfiguration;
			buildSettings = {
				ALWAYS_SEARCH_USER_PATHS = NO;
				CLANG_ANALYZER_NONNULL = YES;
				CLANG_CXX_LANGUAGE_STANDARD = "gnu++0x";
				CLANG_CXX_LIBRARY = "libc++";
				CLANG_ENABLE_MODULES = YES;
				CLANG_ENABLE_OBJC_ARC = YES;
				CLANG_WARN_BOOL_CONVERSION = YES;
				CLANG_WARN_CONSTANT_CONVERSION = YES;
				CLANG_WARN_DIRECT_OBJC_ISA_USAGE = YES_ERROR;
				CLANG_WARN_DOCUMENTATION_COMMENTS = YES;
				CLANG_WARN_EMPTY_BODY = YES;
				CLANG_WARN_ENUM_CONVERSION = YES;
				CLANG_WARN_INFINITE_RECURSION = YES;
				CLANG_WARN_INT_CONVERSION = YES;
				CLANG_WARN_OBJC_ROOT_CLASS = YES_ERROR;
				CLANG_WARN_SUSPICIOUS_MOVE = YES;
				CLANG_WARN_UNREACHABLE_CODE = YES;
				CLANG_WARN__DUPLICATE_METHOD_MATCH = YES;
				"CODE_SIGN_IDENTITY[sdk=iphoneos*]" = "iPhone Developer";
				COPY_PHASE_STRIP = NO;
				DEBUG_INFORMATION_FORMAT = "dwarf-with-dsym";
				ENABLE_NS_ASSERTIONS = NO;
				ENABLE_STRICT_OBJC_MSGSEND = YES;
				GCC_C_LANGUAGE_STANDARD = gnu99;
				GCC_NO_COMMON_BLOCKS = YES;
				GCC_WARN_64_TO_32_BIT_CONVERSION = YES;
				GCC_WARN_ABOUT_RETURN_TYPE = YES_ERROR;
				GCC_WARN_UNDECLARED_SELECTOR = YES;
				GCC_WARN_UNINITIALIZED_AUTOS = YES_AGGRESSIVE;
				GCC_WARN_UNUSED_FUNCTION = YES;
				GCC_WARN_UNUSED_VARIABLE = YES;
				IPHONEOS_DEPLOYMENT_TARGET = 10.2;
				MTL_ENABLE_DEBUG_INFO = NO;
				SDKROOT = iphoneos;
				SWIFT_OPTIMIZATION_LEVEL = "-Owholemodule";
				VALIDATE_PRODUCT = YES;
			};
			name = Release;
		};
		D80A184D1E8C628F00256A05 /* Debug */ = {
			isa = XCBuildConfiguration;
			buildSettings = {
				ASSETCATALOG_COMPILER_APPICON_NAME = AppIcon;
				DEVELOPMENT_TEAM = 742AQUF628;
				INFOPLIST_FILE = ContactApp/Info.plist;
				LD_RUNPATH_SEARCH_PATHS = "$(inherited) @executable_path/Frameworks";
				PRODUCT_BUNDLE_IDENTIFIER = com.ContactApp;
				PRODUCT_NAME = "$(TARGET_NAME)";
				SWIFT_VERSION = 3.0;
			};
			name = Debug;
		};
		D80A184E1E8C628F00256A05 /* Release */ = {
			isa = XCBuildConfiguration;
			buildSettings = {
				ASSETCATALOG_COMPILER_APPICON_NAME = AppIcon;
				DEVELOPMENT_TEAM = 742AQUF628;
				INFOPLIST_FILE = ContactApp/Info.plist;
				LD_RUNPATH_SEARCH_PATHS = "$(inherited) @executable_path/Frameworks";
				PRODUCT_BUNDLE_IDENTIFIER = com.ContactApp;
				PRODUCT_NAME = "$(TARGET_NAME)";
				SWIFT_VERSION = 3.0;
			};
			name = Release;
		};
/* End XCBuildConfiguration section */

/* Begin XCConfigurationList section */
		D80A18331E8C628F00256A05 /* Build configuration list for PBXProject "ContactApp" */ = {
			isa = XCConfigurationList;
			buildConfigurations = (
				D80A184A1E8C628F00256A05 /* Debug */,
				D80A184B1E8C628F00256A05 /* Release */,
			);
			defaultConfigurationIsVisible = 0;
			defaultConfigurationName = Release;
		};
		D80A184C1E8C628F00256A05 /* Build configuration list for PBXNativeTarget "ContactApp" */ = {
			isa = XCConfigurationList;
			buildConfigurations = (
				D80A184D1E8C628F00256A05 /* Debug */,
				D80A184E1E8C628F00256A05 /* Release */,
			);
			defaultConfigurationIsVisible = 0;
			defaultConfigurationName = Release;
		};
/* End XCConfigurationList section */
	};
	rootObject = D80A18301E8C628F00256A05 /* Project object */;
}
